PODS:
  - Flutter (1.0.0)
  - mte_relay_client_plugin (4.3.0):
    - Flutter
    - MteRelay (~> 4.4)
  - MteRelay (4.4.7)

DEPENDENCIES:
  - Flutter (from `Flutter`)
  - mte_relay_client_plugin (from `.symlinks/plugins/mte_relay_client_plugin/ios`)
  - MteRelay (from `https://github.com/Eclypses/mte-relay-client-ios.git`, tag `4.4.7`)

EXTERNAL SOURCES:
  Flutter:
    :path: Flutter
  mte_relay_client_plugin:
    :path: ".symlinks/plugins/mte_relay_client_plugin/ios"
  MteRelay:
    :git: https://github.com/Eclypses/mte-relay-client-ios.git
    :tag: 4.4.7

CHECKOUT OPTIONS:
  MteRelay:
    :git: https://github.com/Eclypses/mte-relay-client-ios.git
    :tag: 4.4.7

SPEC CHECKSUMS:
  Flutter: cabc95a1d2626b1b06e7179b784ebcf0c0cde467
  mte_relay_client_plugin: 8a9463375c82d7f34fe93b72b814d23a16cfb3ea
  MteRelay: 2e0eb6ab121610d24a945514057ba6ed2ebce3f4

PODFILE CHECKSUM: a376c263d9b4fab09219a2b1b0e450097461cc62

COCOAPODS: 1.16.2
