{
  "pins" : [
    {
      "identity" : "eclypses-aws-mte-relay-client-ios",
      "kind" : "remoteSourceControl",
      "location" : "https://github.com/Eclypses/eclypses-aws-mte-relay-client-ios.git",
      "state" : {
        "revision" : "f13ea81b7438f36289b157d9836df2e9a557017e",
        "version" : "4.3.4"
      }
    }
  ],
  "version" : 2
}
